
Microsoft Visual Studio Solution File, Format Version 12.00
# Visual Studio Version 16
VisualStudioVersion = 16.0.29519.87
MinimumVisualStudioVersion = 10.0.40219.1
Project("{FAE04EC0-301F-11D3-BF4B-00C04F79EFBC}") = "AppInventory", "WpfApp6\AppInventory.csproj", "{CC1E6AA0-2EED-4C35-AF9F-5837E46E984C}"
EndProject
Global
	GlobalSection(SolutionConfigurationPlatforms) = preSolution
		Debug|Any CPU = Debug|Any CPU
		Release|Any CPU = Release|Any CPU
	EndGlobalSection
	GlobalSection(ProjectConfigurationPlatforms) = postSolution
		{CC1E6AA0-2EED-4C35-AF9F-5837E46E984C}.Debug|Any CPU.ActiveCfg = Debug|Any CPU
		{CC1E6AA0-2EED-4C35-AF9F-5837E46E984C}.Debug|Any CPU.Build.0 = Debug|Any CPU
		{CC1E6AA0-2EED-4C35-AF9F-5837E46E984C}.Release|Any CPU.ActiveCfg = Release|Any CPU
		{CC1E6AA0-2EED-4C35-AF9F-5837E46E984C}.Release|Any CPU.Build.0 = Release|Any CPU
	EndGlobalSection
	GlobalSection(SolutionProperties) = preSolution
		HideSolutionNode = FALSE
	EndGlobalSection
	GlobalSection(ExtensibilityGlobals) = postSolution
		SolutionGuid = {DB47BFBF-E475-4B5C-A4EA-86EA39C78DDF}
	EndGlobalSection
EndGlobal
